// !$*UTF8*$!
{
	archiveVersion = 1;
	classes = {
	};
	objectVersion = 51;
	objects = {

/* Begin PBXBuildFile section */
		1804805D24C6385B00A7DBBA /* AppDelegate.swift in Sources */ = {isa = PBXBuildFile; fileRef = 1804805C24C6385B00A7DBBA /* AppDelegate.swift */; };
		1804805F24C6385B00A7DBBA /* SceneDelegate.swift in Sources */ = {isa = PBXBuildFile; fileRef = 1804805E24C6385B00A7DBBA /* SceneDelegate.swift */; };
		1804806124C6385B00A7DBBA /* ViewController.swift in Sources */ = {isa = PBXBuildFile; fileRef = 1804806024C6385B00A7DBBA /* ViewController.swift */; };
		1804806424C6385B00A7DBBA /* Main.storyboard in Resources */ = {isa = PBXBuildFile; fileRef = 1804806224C6385B00A7DBBA /* Main.storyboard */; };
		1804806624C6385C00A7DBBA /* Assets.xcassets in Resources */ = {isa = PBXBuildFile; fileRef = 1804806524C6385C00A7DBBA /* Assets.xcassets */; };
		1804806924C6385C00A7DBBA /* LaunchScreen.storyboard in Resources */ = {isa = PBXBuildFile; fileRef = 1804806724C6385C00A7DBBA /* LaunchScreen.storyboard */; };
		18BB532625335DAD0054B3D7 /* MessageCell.swift in Sources */ = {isa = PBXBuildFile; fileRef = 18BB532525335DAD0054B3D7 /* MessageCell.swift */; };
		18BB532925335DD20054B3D7 /* MessageCell.xib in Resources */ = {isa = PBXBuildFile; fileRef = 18BB532825335DD20054B3D7 /* MessageCell.xib */; };
		18CE62FE253353D900F29C6E /* Message.swift in Sources */ = {isa = PBXBuildFile; fileRef = 18CE62FD253353D900F29C6E /* Message.swift */; };
		18CE63012533540B00F29C6E /* RegisterViewController.swift in Sources */ = {isa = PBXBuildFile; fileRef = 18CE63002533540B00F29C6E /* RegisterViewController.swift */; };
		18CE63042533541E00F29C6E /* LoginViewController.swift in Sources */ = {isa = PBXBuildFile; fileRef = 18CE63032533541E00F29C6E /* LoginViewController.swift */; };
		18CE63072533543000F29C6E /* ChatViewController.swift in Sources */ = {isa = PBXBuildFile; fileRef = 18CE63062533543000F29C6E /* ChatViewController.swift */; };
		18CE630A2533543F00F29C6E /* Constants.swift in Sources */ = {isa = PBXBuildFile; fileRef = 18CE63092533543F00F29C6E /* Constants.swift */; };
		18D6FC50253358E400CC7488 /* GoogleService-Info.plist in Resources */ = {isa = PBXBuildFile; fileRef = 18D6FC4F253358E400CC7488 /* GoogleService-Info.plist */; };
		C31C807857C355A2F5662E3A /* Pods_GAM730_TestingFirebase.framework in Frameworks */ = {isa = PBXBuildFile; fileRef = F124C27D0C6223E90DA02D80 /* Pods_GAM730_TestingFirebase.framework */; };
/* End PBXBuildFile section */

/* Begin PBXFileReference section */
		08EA8B37D5BD6D04C3641DFD /* Pods-GAM730-TestingFirebase.release.xcconfig */ = {isa = PBXFileReference; includeInIndex = 1; lastKnownFileType = text.xcconfig; name = "Pods-GAM730-TestingFirebase.release.xcconfig"; path = "Target Support Files/Pods-GAM730-TestingFirebase/Pods-GAM730-TestingFirebase.release.xcconfig"; sourceTree = "<group>"; };
		1804805924C6385B00A7DBBA /* GAM730-TestingFirebase.app */ = {isa = PBXFileReference; explicitFileType = wrapper.application; includeInIndex = 0; path = "GAM730-TestingFirebase.app"; sourceTree = BUILT_PRODUCTS_DIR; };
		1804805C24C6385B00A7DBBA /* AppDelegate.swift */ = {isa = PBXFileReference; lastKnownFileType = sourcecode.swift; path = AppDelegate.swift; sourceTree = "<group>"; };
		1804805E24C6385B00A7DBBA /* SceneDelegate.swift */ = {isa = PBXFileReference; lastKnownFileType = sourcecode.swift; path = SceneDelegate.swift; sourceTree = "<group>"; };
		1804806024C6385B00A7DBBA /* ViewController.swift */ = {isa = PBXFileReference; lastKnownFileType = sourcecode.swift; path = ViewController.swift; sourceTree = "<group>"; };
		1804806324C6385B00A7DBBA /* Base */ = {isa = PBXFileReference; lastKnownFileType = file.storyboard; name = Base; path = Base.lproj/Main.storyboard; sourceTree = "<group>"; };
		1804806524C6385C00A7DBBA /* Assets.xcassets */ = {isa = PBXFileReference; lastKnownFileType = folder.assetcatalog; path = Assets.xcassets; sourceTree = "<group>"; };
		1804806824C6385C00A7DBBA /* Base */ = {isa = PBXFileReference; lastKnownFileType = file.storyboard; name = Base; path = Base.lproj/LaunchScreen.storyboard; sourceTree = "<group>"; };
		1804806A24C6385C00A7DBBA /* Info.plist */ = {isa = PBXFileReference; lastKnownFileType = text.plist.xml; path = Info.plist; sourceTree = "<group>"; };
		18BB532525335DAD0054B3D7 /* MessageCell.swift */ = {isa = PBXFileReference; lastKnownFileType = sourcecode.swift; path = MessageCell.swift; sourceTree = "<group>"; };
		18BB532825335DD20054B3D7 /* MessageCell.xib */ = {isa = PBXFileReference; fileEncoding = 4; lastKnownFileType = file.xib; path = MessageCell.xib; sourceTree = "<group>"; };
		18CE62FD253353D900F29C6E /* Message.swift */ = {isa = PBXFileReference; lastKnownFileType = sourcecode.swift; path = Message.swift; sourceTree = "<group>"; };
		18CE63002533540B00F29C6E /* RegisterViewController.swift */ = {isa = PBXFileReference; lastKnownFileType = sourcecode.swift; path = RegisterViewController.swift; sourceTree = "<group>"; };
		18CE63032533541E00F29C6E /* LoginViewController.swift */ = {isa = PBXFileReference; lastKnownFileType = sourcecode.swift; path = LoginViewController.swift; sourceTree = "<group>"; };
		18CE63062533543000F29C6E /* ChatViewController.swift */ = {isa = PBXFileReference; lastKnownFileType = sourcecode.swift; path = ChatViewController.swift; sourceTree = "<group>"; };
		18CE63092533543F00F29C6E /* Constants.swift */ = {isa = PBXFileReference; lastKnownFileType = sourcecode.swift; path = Constants.swift; sourceTree = "<group>"; };
		18D6FC4F253358E400CC7488 /* GoogleService-Info.plist */ = {isa = PBXFileReference; fileEncoding = 4; lastKnownFileType = text.plist.xml; path = "GoogleService-Info.plist"; sourceTree = "<group>"; };
		772D98FCF261952E9ED0EA1A /* Pods-GAM730-TestingFirebase.debug.xcconfig */ = {isa = PBXFileReference; includeInIndex = 1; lastKnownFileType = text.xcconfig; name = "Pods-GAM730-TestingFirebase.debug.xcconfig"; path = "Target Support Files/Pods-GAM730-TestingFirebase/Pods-GAM730-TestingFirebase.debug.xcconfig"; sourceTree = "<group>"; };
		F124C27D0C6223E90DA02D80 /* Pods_GAM730_TestingFirebase.framework */ = {isa = PBXFileReference; explicitFileType = wrapper.framework; includeInIndex = 0; path = Pods_GAM730_TestingFirebase.framework; sourceTree = BUILT_PRODUCTS_DIR; };
/* End PBXFileReference section */

/* Begin PBXFrameworksBuildPhase section */
		1804805624C6385B00A7DBBA /* Frameworks */ = {
			isa = PBXFrameworksBuildPhase;
			buildActionMask = 2147483647;
			files = (
				C31C807857C355A2F5662E3A /* Pods_GAM730_TestingFirebase.framework in Frameworks */,
			);
			runOnlyForDeploymentPostprocessing = 0;
		};
/* End PBXFrameworksBuildPhase section */

/* Begin PBXGroup section */
		1804805024C6385B00A7DBBA = {
			isa = PBXGroup;
			children = (
				1804805B24C6385B00A7DBBA /* GAM730-TestingFirebase */,
				1804805A24C6385B00A7DBBA /* Products */,
				D958D9A2ED50FF9EDC985ECC /* Pods */,
				96D8FCD77A44A72818791760 /* Frameworks */,
			);
			sourceTree = "<group>";
		};
		1804805A24C6385B00A7DBBA /* Products */ = {
			isa = PBXGroup;
			children = (
				1804805924C6385B00A7DBBA /* GAM730-TestingFirebase.app */,
			);
			name = Products;
			sourceTree = "<group>";
		};
		1804805B24C6385B00A7DBBA /* GAM730-TestingFirebase */ = {
			isa = PBXGroup;
			children = (
				1804805C24C6385B00A7DBBA /* AppDelegate.swift */,
				1804805E24C6385B00A7DBBA /* SceneDelegate.swift */,
				1804806024C6385B00A7DBBA /* ViewController.swift */,
				18CE62FD253353D900F29C6E /* Message.swift */,
				18CE63002533540B00F29C6E /* RegisterViewController.swift */,
				18BB532525335DAD0054B3D7 /* MessageCell.swift */,
				18BB532825335DD20054B3D7 /* MessageCell.xib */,
				18CE63032533541E00F29C6E /* LoginViewController.swift */,
				18CE63062533543000F29C6E /* ChatViewController.swift */,
				18CE63092533543F00F29C6E /* Constants.swift */,
				1804806224C6385B00A7DBBA /* Main.storyboard */,
				1804806524C6385C00A7DBBA /* Assets.xcassets */,
				1804806724C6385C00A7DBBA /* LaunchScreen.storyboard */,
				1804806A24C6385C00A7DBBA /* Info.plist */,
				18D6FC4F253358E400CC7488 /* GoogleService-Info.plist */,
			);
			path = "GAM730-TestingFirebase";
			sourceTree = "<group>";
		};
		96D8FCD77A44A72818791760 /* Frameworks */ = {
			isa = PBXGroup;
			children = (
				F124C27D0C6223E90DA02D80 /* Pods_GAM730_TestingFirebase.framework */,
			);
			name = Frameworks;
			sourceTree = "<group>";
		};
		D958D9A2ED50FF9EDC985ECC /* Pods */ = {
			isa = PBXGroup;
			children = (
				772D98FCF261952E9ED0EA1A /* Pods-GAM730-TestingFirebase.debug.xcconfig */,
				08EA8B37D5BD6D04C3641DFD /* Pods-GAM730-TestingFirebase.release.xcconfig */,
			);
			path = Pods;
			sourceTree = "<group>";
		};
/* End PBXGroup section */

/* Begin PBXNativeTarget section */
		1804805824C6385B00A7DBBA /* GAM730-TestingFirebase */ = {
			isa = PBXNativeTarget;
			buildConfigurationList = 1804806D24C6385C00A7DBBA /* Build configuration list for PBXNativeTarget "GAM730-TestingFirebase" */;
			buildPhases = (
				14AA3E744916AC7FBEA0E332 /* [CP] Check Pods Manifest.lock */,
				1804805524C6385B00A7DBBA /* Sources */,
				1804805624C6385B00A7DBBA /* Frameworks */,
				1804805724C6385B00A7DBBA /* Resources */,
				33734E46F09C9520C48BF456 /* [CP] Embed Pods Frameworks */,
			);
			buildRules = (
			);
			dependencies = (
			);
			name = "GAM730-TestingFirebase";
			productName = "GAM730-TestingFirebase";
			productReference = 1804805924C6385B00A7DBBA /* GAM730-TestingFirebase.app */;
			productType = "com.apple.product-type.application";
		};
/* End PBXNativeTarget section */

/* Begin PBXProject section */
		1804805124C6385B00A7DBBA /* Project object */ = {
			isa = PBXProject;
			attributes = {
				LastSwiftUpdateCheck = 1160;
				LastUpgradeCheck = 1160;
				ORGANIZATIONNAME = "Rachel Saunders";
				TargetAttributes = {
					1804805824C6385B00A7DBBA = {
						CreatedOnToolsVersion = 11.6;
					};
				};
			};
			buildConfigurationList = 1804805424C6385B00A7DBBA /* Build configuration list for PBXProject "GAM730-TestingFirebase" */;
			compatibilityVersion = "Xcode 9.3";
			developmentRegion = en;
			hasScannedForEncodings = 0;
			knownRegions = (
				en,
				Base,
			);
			mainGroup = 1804805024C6385B00A7DBBA;
			productRefGroup = 1804805A24C6385B00A7DBBA /* Products */;
			projectDirPath = "";
			projectRoot = "";
			targets = (
				1804805824C6385B00A7DBBA /* GAM730-TestingFirebase */,
			);
		};
/* End PBXProject section */

/* Begin PBXResourcesBuildPhase section */
		1804805724C6385B00A7DBBA /* Resources */ = {
			isa = PBXResourcesBuildPhase;
			buildActionMask = 2147483647;
			files = (
				18BB532925335DD20054B3D7 /* MessageCell.xib in Resources */,
				1804806924C6385C00A7DBBA /* LaunchScreen.storyboard in Resources */,
				18D6FC50253358E400CC7488 /* GoogleService-Info.plist in Resources */,
				1804806624C6385C00A7DBBA /* Assets.xcassets in Resources */,
				1804806424C6385B00A7DBBA /* Main.storyboard in Resources */,
			);
			runOnlyForDeploymentPostprocessing = 0;
		};
/* End PBXResourcesBuildPhase section */

/* Begin PBXShellScriptBuildPhase section */
		14AA3E744916AC7FBEA0E332 /* [CP] Check Pods Manifest.lock */ = {
			isa = PBXShellScriptBuildPhase;
			buildActionMask = 2147483647;
			files = (
			);
			inputFileListPaths = (
			);
			inputPaths = (
				"${PODS_PODFILE_DIR_PATH}/Podfile.lock",
				"${PODS_ROOT}/Manifest.lock",
			);
			name = "[CP] Check Pods Manifest.lock";
			outputFileListPaths = (
			);
			outputPaths = (
				"$(DERIVED_FILE_DIR)/Pods-GAM730-TestingFirebase-checkManifestLockResult.txt",
			);
			runOnlyForDeploymentPostprocessing = 0;
			shellPath = /bin/sh;
			shellScript = "diff \"${PODS_PODFILE_DIR_PATH}/Podfile.lock\" \"${PODS_ROOT}/Manifest.lock\" > /dev/null\nif [ $? != 0 ] ; then\n    # print error to STDERR\n    echo \"error: The sandbox is not in sync with the Podfile.lock. Run 'pod install' or update your CocoaPods installation.\" >&2\n    exit 1\nfi\n# This output is used by Xcode 'outputs' to avoid re-running this script phase.\necho \"SUCCESS\" > \"${SCRIPT_OUTPUT_FILE_0}\"\n";
			showEnvVarsInLog = 0;
		};
		33734E46F09C9520C48BF456 /* [CP] Embed Pods Frameworks */ = {
			isa = PBXShellScriptBuildPhase;
			buildActionMask = 2147483647;
			files = (
			);
			inputFileListPaths = (
				"${PODS_ROOT}/Target Support Files/Pods-GAM730-TestingFirebase/Pods-GAM730-TestingFirebase-frameworks-${CONFIGURATION}-input-files.xcfilelist",
			);
			name = "[CP] Embed Pods Frameworks";
			outputFileListPaths = (
				"${PODS_ROOT}/Target Support Files/Pods-GAM730-TestingFirebase/Pods-GAM730-TestingFirebase-frameworks-${CONFIGURATION}-output-files.xcfilelist",
			);
			runOnlyForDeploymentPostprocessing = 0;
			shellPath = /bin/sh;
			shellScript = "\"${PODS_ROOT}/Target Support Files/Pods-GAM730-TestingFirebase/Pods-GAM730-TestingFirebase-frameworks.sh\"\n";
			showEnvVarsInLog = 0;
		};
/* End PBXShellScriptBuildPhase section */

/* Begin PBXSourcesBuildPhase section */
		1804805524C6385B00A7DBBA /* Sources */ = {
			isa = PBXSourcesBuildPhase;
			buildActionMask = 2147483647;
			files = (
				18CE63042533541E00F29C6E /* LoginViewController.swift in Sources */,
				1804806124C6385B00A7DBBA /* ViewController.swift in Sources */,
				18CE63012533540B00F29C6E /* RegisterViewController.swift in Sources */,
				18CE63072533543000F29C6E /* ChatViewController.swift in Sources */,
				18CE62FE253353D900F29C6E /* Message.swift in Sources */,
				1804805D24C6385B00A7DBBA /* AppDelegate.swift in Sources */,
				1804805F24C6385B00A7DBBA /* SceneDelegate.swift in Sources */,
				18CE630A2533543F00F29C6E /* Constants.swift in Sources */,
				18BB532625335DAD0054B3D7 /* MessageCell.swift in Sources */,
			);
			runOnlyForDeploymentPostprocessing = 0;
		};
/* End PBXSourcesBuildPhase section */

/* Begin PBXVariantGroup section */
		1804806224C6385B00A7DBBA /* Main.storyboard */ = {
			isa = PBXVariantGroup;
			children = (
				1804806324C6385B00A7DBBA /* Base */,
			);
			name = Main.storyboard;
			sourceTree = "<group>";
		};
		1804806724C6385C00A7DBBA /* LaunchScreen.storyboard */ = {
			isa = PBXVariantGroup;
			children = (
				1804806824C6385C00A7DBBA /* Base */,
			);
			name = LaunchScreen.storyboard;
			sourceTree = "<group>";
		};
/* End PBXVariantGroup section */

/* Begin XCBuildConfiguration section */
		1804806B24C6385C00A7DBBA /* Debug */ = {
			isa = XCBuildConfiguration;
			buildSettings = {
				ALWAYS_SEARCH_USER_PATHS = NO;
				CLANG_ANALYZER_NONNULL = YES;
				CLANG_ANALYZER_NUMBER_OBJECT_CONVERSION = YES_AGGRESSIVE;
				CLANG_CXX_LANGUAGE_STANDARD = "gnu++14";
				CLANG_CXX_LIBRARY = "libc++";
				CLANG_ENABLE_MODULES = YES;
				CLANG_ENABLE_OBJC_ARC = YES;
				CLANG_ENABLE_OBJC_WEAK = YES;
				CLANG_WARN_BLOCK_CAPTURE_AUTORELEASING = YES;
				CLANG_WARN_BOOL_CONVERSION = YES;
				CLANG_WARN_COMMA = YES;
				CLANG_WARN_CONSTANT_CONVERSION = YES;
				CLANG_WARN_DEPRECATED_OBJC_IMPLEMENTATIONS = YES;
				CLANG_WARN_DIRECT_OBJC_ISA_USAGE = YES_ERROR;
				CLANG_WARN_DOCUMENTATION_COMMENTS = YES;
				CLANG_WARN_EMPTY_BODY = YES;
				CLANG_WARN_ENUM_CONVERSION = YES;
				CLANG_WARN_INFINITE_RECURSION = YES;
				CLANG_WARN_INT_CONVERSION = YES;
				CLANG_WARN_NON_LITERAL_NULL_CONVERSION = YES;
				CLANG_WARN_OBJC_IMPLICIT_RETAIN_SELF = YES;
				CLANG_WARN_OBJC_LITERAL_CONVERSION = YES;
				CLANG_WARN_OBJC_ROOT_CLASS = YES_ERROR;
				CLANG_WARN_RANGE_LOOP_ANALYSIS = YES;
				CLANG_WARN_STRICT_PROTOTYPES = YES;
				CLANG_WARN_SUSPICIOUS_MOVE = YES;
				CLANG_WARN_UNGUARDED_AVAILABILITY = YES_AGGRESSIVE;
				CLANG_WARN_UNREACHABLE_CODE = YES;
				CLANG_WARN__DUPLICATE_METHOD_MATCH = YES;
				COPY_PHASE_STRIP = NO;
				DEBUG_INFORMATION_FORMAT = dwarf;
				ENABLE_STRICT_OBJC_MSGSEND = YES;
				ENABLE_TESTABILITY = YES;
				GCC_C_LANGUAGE_STANDARD = gnu11;
				GCC_DYNAMIC_NO_PIC = NO;
				GCC_NO_COMMON_BLOCKS = YES;
				GCC_OPTIMIZATION_LEVEL = 0;
				GCC_PREPROCESSOR_DEFINITIONS = (
					"DEBUG=1",
					"$(inherited)",
				);
				GCC_WARN_64_TO_32_BIT_CONVERSION = YES;
				GCC_WARN_ABOUT_RETURN_TYPE = YES_ERROR;
				GCC_WARN_UNDECLARED_SELECTOR = YES;
				GCC_WARN_UNINITIALIZED_AUTOS = YES_AGGRESSIVE;
				GCC_WARN_UNUSED_FUNCTION = YES;
				GCC_WARN_UNUSED_VARIABLE = YES;
				IPHONEOS_DEPLOYMENT_TARGET = 13.6;
				MTL_ENABLE_DEBUG_INFO = INCLUDE_SOURCE;
				MTL_FAST_MATH = YES;
				ONLY_ACTIVE_ARCH = YES;
				SDKROOT = iphoneos;
				SWIFT_ACTIVE_COMPILATION_CONDITIONS = DEBUG;
				SWIFT_OPTIMIZATION_LEVEL = "-Onone";
			};
			name = Debug;
		};
		1804806C24C6385C00A7DBBA /* Release */ = {
			isa = XCBuildConfiguration;
			buildSettings = {
				ALWAYS_SEARCH_USER_PATHS = NO;
				CLANG_ANALYZER_NONNULL = YES;
				CLANG_ANALYZER_NUMBER_OBJECT_CONVERSION = YES_AGGRESSIVE;
				CLANG_CXX_LANGUAGE_STANDARD = "gnu++14";
				CLANG_CXX_LIBRARY = "libc++";
				CLANG_ENABLE_MODULES = YES;
				CLANG_ENABLE_OBJC_ARC = YES;
				CLANG_ENABLE_OBJC_WEAK = YES;
				CLANG_WARN_BLOCK_CAPTURE_AUTORELEASING = YES;
				CLANG_WARN_BOOL_CONVERSION = YES;
				CLANG_WARN_COMMA = YES;
				CLANG_WARN_CONSTANT_CONVERSION = YES;
				CLANG_WARN_DEPRECATED_OBJC_IMPLEMENTATIONS = YES;
				CLANG_WARN_DIRECT_OBJC_ISA_USAGE = YES_ERROR;
				CLANG_WARN_DOCUMENTATION_COMMENTS = YES;
				CLANG_WARN_EMPTY_BODY = YES;
				CLANG_WARN_ENUM_CONVERSION = YES;
				CLANG_WARN_INFINITE_RECURSION = YES;
				CLANG_WARN_INT_CONVERSION = YES;
				CLANG_WARN_NON_LITERAL_NULL_CONVERSION = YES;
				CLANG_WARN_OBJC_IMPLICIT_RETAIN_SELF = YES;
				CLANG_WARN_OBJC_LITERAL_CONVERSION = YES;
				CLANG_WARN_OBJC_ROOT_CLASS = YES_ERROR;
				CLANG_WARN_RANGE_LOOP_ANALYSIS = YES;
				CLANG_WARN_STRICT_PROTOTYPES = YES;
				CLANG_WARN_SUSPICIOUS_MOVE = YES;
				CLANG_WARN_UNGUARDED_AVAILABILITY = YES_AGGRESSIVE;
				CLANG_WARN_UNREACHABLE_CODE = YES;
				CLANG_WARN__DUPLICATE_METHOD_MATCH = YES;
				COPY_PHASE_STRIP = NO;
				DEBUG_INFORMATION_FORMAT = "dwarf-with-dsym";
				ENABLE_NS_ASSERTIONS = NO;
				ENABLE_STRICT_OBJC_MSGSEND = YES;
				GCC_C_LANGUAGE_STANDARD = gnu11;
				GCC_NO_COMMON_BLOCKS = YES;
				GCC_WARN_64_TO_32_BIT_CONVERSION = YES;
				GCC_WARN_ABOUT_RETURN_TYPE = YES_ERROR;
				GCC_WARN_UNDECLARED_SELECTOR = YES;
				GCC_WARN_UNINITIALIZED_AUTOS = YES_AGGRESSIVE;
				GCC_WARN_UNUSED_FUNCTION = YES;
				GCC_WARN_UNUSED_VARIABLE = YES;
				IPHONEOS_DEPLOYMENT_TARGET = 13.6;
				MTL_ENABLE_DEBUG_INFO = NO;
				MTL_FAST_MATH = YES;
				SDKROOT = iphoneos;
				SWIFT_COMPILATION_MODE = wholemodule;
				SWIFT_OPTIMIZATION_LEVEL = "-O";
				VALIDATE_PRODUCT = YES;
			};
			name = Release;
		};
		1804806E24C6385C00A7DBBA /* Debug */ = {
			isa = XCBuildConfiguration;
			baseConfigurationReference = 772D98FCF261952E9ED0EA1A /* Pods-GAM730-TestingFirebase.debug.xcconfig */;
			buildSettings = {
				ASSETCATALOG_COMPILER_APPICON_NAME = AppIcon;
				CODE_SIGN_STYLE = Automatic;
				DEVELOPMENT_TEAM = CFMS5Y826S;
				INFOPLIST_FILE = "GAM730-TestingFirebase/Info.plist";
				LD_RUNPATH_SEARCH_PATHS = (
					"$(inherited)",
					"@executable_path/Frameworks",
				);
				PRODUCT_BUNDLE_IDENTIFIER = "com.rachelsaunders.GAM730-TestingFirebase";
				PRODUCT_NAME = "$(TARGET_NAME)";
				SWIFT_VERSION = 5.0;
				TARGETED_DEVICE_FAMILY = "1,2";
			};
			name = Debug;
		};
		1804806F24C6385C00A7DBBA /* Release */ = {
			isa = XCBuildConfiguration;
			baseConfigurationReference = 08EA8B37D5BD6D04C3641DFD /* Pods-GAM730-TestingFirebase.release.xcconfig */;
			buildSettings = {
				ASSETCATALOG_COMPILER_APPICON_NAME = AppIcon;
				CODE_SIGN_STYLE = Automatic;
				DEVELOPMENT_TEAM = CFMS5Y826S;
				INFOPLIST_FILE = "GAM730-TestingFirebase/Info.plist";
				LD_RUNPATH_SEARCH_PATHS = (
					"$(inherited)",
					"@executable_path/Frameworks",
				);
				PRODUCT_BUNDLE_IDENTIFIER = "com.rachelsaunders.GAM730-TestingFirebase";
				PRODUCT_NAME = "$(TARGET_NAME)";
				SWIFT_VERSION = 5.0;
				TARGETED_DEVICE_FAMILY = "1,2";
			};
			name = Release;
		};
/* End XCBuildConfiguration section */

/* Begin XCConfigurationList section */
		1804805424C6385B00A7DBBA /* Build configuration list for PBXProject "GAM730-TestingFirebase" */ = {
			isa = XCConfigurationList;
			buildConfigurations = (
				1804806B24C6385C00A7DBBA /* Debug */,
				1804806C24C6385C00A7DBBA /* Release */,
			);
			defaultConfigurationIsVisible = 0;
			defaultConfigurationName = Release;
		};
		1804806D24C6385C00A7DBBA /* Build configuration list for PBXNativeTarget "GAM730-TestingFirebase" */ = {
			isa = XCConfigurationList;
			buildConfigurations = (
				1804806E24C6385C00A7DBBA /* Debug */,
				1804806F24C6385C00A7DBBA /* Release */,
			);
			defaultConfigurationIsVisible = 0;
			defaultConfigurationName = Release;
		};
/* End XCConfigurationList section */
	};
	rootObject = 1804805124C6385B00A7DBBA /* Project object */;
}
